
Microsoft Visual Studio Solution File, Format Version 12.00
# Visual Studio Version 17
VisualStudioVersion = 17.3.32819.101
MinimumVisualStudioVersion = 10.0.40219.1
Project("{FAE04EC0-301F-11D3-BF4B-00C04F79EFBC}") = "Run Fast 跑快快", "Run Fast 跑快快\Run Fast 跑快快.csproj", "{F3D736C7-3D3B-4777-960F-22FBC0992020}"
EndProject
Global
	GlobalSection(SolutionConfigurationPlatforms) = preSolution
		Debug|Any CPU = Debug|Any CPU
		Release|Any CPU = Release|Any CPU
	EndGlobalSection
	GlobalSection(ProjectConfigurationPlatforms) = postSolution
		{F3D736C7-3D3B-4777-960F-22FBC0992020}.Debug|Any CPU.ActiveCfg = Debug|Any CPU
		{F3D736C7-3D3B-4777-960F-22FBC0992020}.Debug|Any CPU.Build.0 = Debug|Any CPU
		{F3D736C7-3D3B-4777-960F-22FBC0992020}.Release|Any CPU.ActiveCfg = Release|Any CPU
		{F3D736C7-3D3B-4777-960F-22FBC0992020}.Release|Any CPU.Build.0 = Release|Any CPU
	EndGlobalSection
	GlobalSection(SolutionProperties) = preSolution
		HideSolutionNode = FALSE
	EndGlobalSection
	GlobalSection(ExtensibilityGlobals) = postSolution
		SolutionGuid = {CBF31401-97FF-4EFD-8899-6D771CA16F63}
	EndGlobalSection
EndGlobal
